
Microsoft Visual Studio Solution File, Format Version 12.00
# Visual Studio 15
VisualStudioVersion = 15.0.27130.2036
MinimumVisualStudioVersion = 10.0.40219.1
Project("{FAE04EC0-301F-11D3-BF4B-00C04F79EFBC}") = "HandIn2.1", "HandIn2.1\HandIn2.1.csproj", "{028C0BD6-70FE-4BB1-9443-21CBC284587B}"
EndProject
Project("{FAE04EC0-301F-11D3-BF4B-00C04F79EFBC}") = "HandIn2.1.Application", "HandIn2.1.Application\HandIn2.1.Application.csproj", "{84E61290-6E86-4A67-B1AE-529AFF4C085B}"
EndProject
Project("{FAE04EC0-301F-11D3-BF4B-00C04F79EFBC}") = "Handin2.2.EF", "Handin2.2.EF\Handin2.2.EF.csproj", "{B54E09AE-5B84-4803-B5B6-6C732F7BAB38}"
EndProject
Global
	GlobalSection(SolutionConfigurationPlatforms) = preSolution
		Debug|Any CPU = Debug|Any CPU
		Release|Any CPU = Release|Any CPU
	EndGlobalSection
	GlobalSection(ProjectConfigurationPlatforms) = postSolution
		{028C0BD6-70FE-4BB1-9443-21CBC284587B}.Debug|Any CPU.ActiveCfg = Debug|Any CPU
		{028C0BD6-70FE-4BB1-9443-21CBC284587B}.Debug|Any CPU.Build.0 = Debug|Any CPU
		{028C0BD6-70FE-4BB1-9443-21CBC284587B}.Release|Any CPU.ActiveCfg = Release|Any CPU
		{028C0BD6-70FE-4BB1-9443-21CBC284587B}.Release|Any CPU.Build.0 = Release|Any CPU
		{84E61290-6E86-4A67-B1AE-529AFF4C085B}.Debug|Any CPU.ActiveCfg = Debug|Any CPU
		{84E61290-6E86-4A67-B1AE-529AFF4C085B}.Debug|Any CPU.Build.0 = Debug|Any CPU
		{84E61290-6E86-4A67-B1AE-529AFF4C085B}.Release|Any CPU.ActiveCfg = Release|Any CPU
		{84E61290-6E86-4A67-B1AE-529AFF4C085B}.Release|Any CPU.Build.0 = Release|Any CPU
		{B54E09AE-5B84-4803-B5B6-6C732F7BAB38}.Debug|Any CPU.ActiveCfg = Debug|Any CPU
		{B54E09AE-5B84-4803-B5B6-6C732F7BAB38}.Debug|Any CPU.Build.0 = Debug|Any CPU
		{B54E09AE-5B84-4803-B5B6-6C732F7BAB38}.Release|Any CPU.ActiveCfg = Release|Any CPU
		{B54E09AE-5B84-4803-B5B6-6C732F7BAB38}.Release|Any CPU.Build.0 = Release|Any CPU
	EndGlobalSection
	GlobalSection(SolutionProperties) = preSolution
		HideSolutionNode = FALSE
	EndGlobalSection
	GlobalSection(ExtensibilityGlobals) = postSolution
		SolutionGuid = {DA10035E-231F-4ACB-82CC-78C53889DDF4}
	EndGlobalSection
EndGlobal
